
Microsoft Visual Studio Solution File, Format Version 12.00
# Visual Studio Version 17
VisualStudioVersion = 17.13.35806.99
MinimumVisualStudioVersion = 10.0.40219.1
Project("{FAE04EC0-301F-11D3-BF4B-00C04F79EFBC}") = "WMS.API-ProyectoFinal", "WMS.API-ProyectoFinal.csproj", "{CC4B965E-3BF6-4258-96FC-8CF94D3B8F54}"
EndProject
Project("{FAE04EC0-301F-11D3-BF4B-00C04F79EFBC}") = "WMS.Frontend-ProyectoFinal", "..\WMS.Frontend-ProyectoFinal\WMS.Frontend-ProyectoFinal.csproj", "{EF122AA5-E48F-489A-A017-6BDE96360F6A}"
EndProject
Global
	GlobalSection(SolutionConfigurationPlatforms) = preSolution
		Debug|Any CPU = Debug|Any CPU
		Release|Any CPU = Release|Any CPU
	EndGlobalSection
	GlobalSection(ProjectConfigurationPlatforms) = postSolution
		{CC4B965E-3BF6-4258-96FC-8CF94D3B8F54}.Debug|Any CPU.ActiveCfg = Debug|Any CPU
		{CC4B965E-3BF6-4258-96FC-8CF94D3B8F54}.Debug|Any CPU.Build.0 = Debug|Any CPU
		{CC4B965E-3BF6-4258-96FC-8CF94D3B8F54}.Release|Any CPU.ActiveCfg = Release|Any CPU
		{CC4B965E-3BF6-4258-96FC-8CF94D3B8F54}.Release|Any CPU.Build.0 = Release|Any CPU
		{EF122AA5-E48F-489A-A017-6BDE96360F6A}.Debug|Any CPU.ActiveCfg = Debug|Any CPU
		{EF122AA5-E48F-489A-A017-6BDE96360F6A}.Debug|Any CPU.Build.0 = Debug|Any CPU
		{EF122AA5-E48F-489A-A017-6BDE96360F6A}.Release|Any CPU.ActiveCfg = Release|Any CPU
		{EF122AA5-E48F-489A-A017-6BDE96360F6A}.Release|Any CPU.Build.0 = Release|Any CPU
	EndGlobalSection
	GlobalSection(SolutionProperties) = preSolution
		HideSolutionNode = FALSE
	EndGlobalSection
	GlobalSection(ExtensibilityGlobals) = postSolution
		SolutionGuid = {580D6FBF-6E06-4070-B95C-5D499730A4BE}
	EndGlobalSection
EndGlobal
